
Microsoft Visual Studio Solution File, Format Version 12.00
# Visual Studio 15
VisualStudioVersion = 15.0.27130.2027
MinimumVisualStudioVersion = 10.0.40219.1
Project("{FAE04EC0-301F-11D3-BF4B-00C04F79EFBC}") = "NeuralNetwork", "NeuralNetwork\NeuralNetwork.csproj", "{916415F6-2653-42F6-8524-06A04A6BB1D5}"
EndProject
Global
	GlobalSection(SolutionConfigurationPlatforms) = preSolution
		Debug|Any CPU = Debug|Any CPU
		Release|Any CPU = Release|Any CPU
	EndGlobalSection
	GlobalSection(ProjectConfigurationPlatforms) = postSolution
		{916415F6-2653-42F6-8524-06A04A6BB1D5}.Debug|Any CPU.ActiveCfg = Debug|Any CPU
		{916415F6-2653-42F6-8524-06A04A6BB1D5}.Debug|Any CPU.Build.0 = Debug|Any CPU
		{916415F6-2653-42F6-8524-06A04A6BB1D5}.Release|Any CPU.ActiveCfg = Release|Any CPU
		{916415F6-2653-42F6-8524-06A04A6BB1D5}.Release|Any CPU.Build.0 = Release|Any CPU
	EndGlobalSection
	GlobalSection(SolutionProperties) = preSolution
		HideSolutionNode = FALSE
	EndGlobalSection
	GlobalSection(ExtensibilityGlobals) = postSolution
		SolutionGuid = {EB288479-48F3-4B54-A687-7547E2CA948E}
	EndGlobalSection
EndGlobal
